version = 1
requires-python = ">=3.12"

[[package]]
name = "aiosqlite"
version = "0.20.0"
source = { registry = "https://pypi.org/simple" }
dependencies = [
    { name = "typing-extensions" },
]
sdist = { url = "https://files.pythonhosted.org/packages/0d/3a/22ff5415bf4d296c1e92b07fd746ad42c96781f13295a074d58e77747848/aiosqlite-0.20.0.tar.gz", hash = "sha256:6d35c8c256637f4672f843c31021464090805bf925385ac39473fb16eaaca3d7", size = 21691 }
wheels = [
    { url = "https://files.pythonhosted.org/packages/00/c4/c93eb22025a2de6b83263dfe3d7df2e19138e345bca6f18dba7394120930/aiosqlite-0.20.0-py3-none-any.whl", hash = "sha256:36a1deaca0cac40ebe32aac9977a6e2bbc7f5189f23f4a54d5908986729e5bd6", size = 15564 },
]

[[package]]
name = "annotated-types"
version = "0.7.0"
source = { registry = "https://pypi.org/simple" }
sdist = { url = "https://files.pythonhosted.org/packages/ee/67/531ea369ba64dcff5ec9c3402f9f51bf748cec26dde048a2f973a4eea7f5/annotated_types-0.7.0.tar.gz", hash = "sha256:aff07c09a53a08bc8cfccb9c85b05f1aa9a2a6f23728d790723543408344ce89", size = 16081 }
wheels = [
    { url = "https://files.pythonhosted.org/packages/78/b6/6307fbef88d9b5ee7421e68d78a9f162e0da4900bc5f5793f6d3d0e34fb8/annotated_types-0.7.0-py3-none-any.whl", hash = "sha256:1f02e8b43a8fbbc3f3e0d4f0f4bfc8131bcb4eebe8849b8e5c773f3a1c582a53", size = 13643 },
]

[[package]]
name = "anyio"
version = "4.8.0"
source = { registry = "https://pypi.org/simple" }
dependencies = [
    { name = "idna" },
    { name = "sniffio" },
    { name = "typing-extensions", marker = "python_full_version < '3.13'" },
]
sdist = { url = "https://files.pythonhosted.org/packages/a3/73/199a98fc2dae33535d6b8e8e6ec01f8c1d76c9adb096c6b7d64823038cde/anyio-4.8.0.tar.gz", hash = "sha256:1d9fe889df5212298c0c0723fa20479d1b94883a2df44bd3897aa91083316f7a", size = 181126 }
wheels = [
    { url = "https://files.pythonhosted.org/packages/46/eb/e7f063ad1fec6b3178a3cd82d1a3c4de82cccf283fc42746168188e1cdd5/anyio-4.8.0-py3-none-any.whl", hash = "sha256:b5011f270ab5eb0abf13385f851315585cc37ef330dd88e27ec3d34d651fd47a", size = 96041 },
]

[[package]]
name = "asyncpg"
version = "0.30.0"
source = { registry = "https://pypi.org/simple" }
sdist = { url = "https://files.pythonhosted.org/packages/2f/4c/7c991e080e106d854809030d8584e15b2e996e26f16aee6d757e387bc17d/asyncpg-0.30.0.tar.gz", hash = "sha256:c551e9928ab6707602f44811817f82ba3c446e018bfe1d3abecc8ba5f3eac851", size = 957746 }
wheels = [
    { url = "https://files.pythonhosted.org/packages/4b/64/9d3e887bb7b01535fdbc45fbd5f0a8447539833b97ee69ecdbb7a79d0cb4/asyncpg-0.30.0-cp312-cp312-macosx_10_13_x86_64.whl", hash = "sha256:c902a60b52e506d38d7e80e0dd5399f657220f24635fee368117b8b5fce1142e", size = 673162 },
    { url = "https://files.pythonhosted.org/packages/6e/eb/8b236663f06984f212a087b3e849731f917ab80f84450e943900e8ca4052/asyncpg-0.30.0-cp312-cp312-macosx_11_0_arm64.whl", hash = "sha256:aca1548e43bbb9f0f627a04666fedaca23db0a31a84136ad1f868cb15deb6e3a", size = 637025 },
    { url = "https://files.pythonhosted.org/packages/cc/57/2dc240bb263d58786cfaa60920779af6e8d32da63ab9ffc09f8312bd7a14/asyncpg-0.30.0-cp312-cp312-manylinux_2_17_aarch64.manylinux2014_aarch64.whl", hash = "sha256:6c2a2ef565400234a633da0eafdce27e843836256d40705d83ab7ec42074efb3", size = 3496243 },
    { url = "https://files.pythonhosted.org/packages/f4/40/0ae9d061d278b10713ea9021ef6b703ec44698fe32178715a501ac696c6b/asyncpg-0.30.0-cp312-cp312-manylinux_2_17_x86_64.manylinux2014_x86_64.whl", hash = "sha256:1292b84ee06ac8a2ad8e51c7475aa309245874b61333d97411aab835c4a2f737", size = 3575059 },
    { url = "https://files.pythonhosted.org/packages/c3/75/d6b895a35a2c6506952247640178e5f768eeb28b2e20299b6a6f1d743ba0/asyncpg-0.30.0-cp312-cp312-musllinux_1_2_aarch64.whl", hash = "sha256:0f5712350388d0cd0615caec629ad53c81e506b1abaaf8d14c93f54b35e3595a", size = 3473596 },
    { url = "https://files.pythonhosted.org/packages/c8/e7/3693392d3e168ab0aebb2d361431375bd22ffc7b4a586a0fc060d519fae7/asyncpg-0.30.0-cp312-cp312-musllinux_1_2_x86_64.whl", hash = "sha256:db9891e2d76e6f425746c5d2da01921e9a16b5a71a1c905b13f30e12a257c4af", size = 3641632 },
    { url = "https://files.pythonhosted.org/packages/32/ea/15670cea95745bba3f0352341db55f506a820b21c619ee66b7d12ea7867d/asyncpg-0.30.0-cp312-cp312-win32.whl", hash = "sha256:68d71a1be3d83d0570049cd1654a9bdfe506e794ecc98ad0873304a9f35e411e", size = 560186 },
    { url = "https://files.pythonhosted.org/packages/7e/6b/fe1fad5cee79ca5f5c27aed7bd95baee529c1bf8a387435c8ba4fe53d5c1/asyncpg-0.30.0-cp312-cp312-win_amd64.whl", hash = "sha256:9a0292c6af5c500523949155ec17b7fe01a00ace33b68a476d6b5059f9630305", size = 621064 },
    { url = "https://files.pythonhosted.org/packages/3a/22/e20602e1218dc07692acf70d5b902be820168d6282e69ef0d3cb920dc36f/asyncpg-0.30.0-cp313-cp313-macosx_10_13_x86_64.whl", hash = "sha256:05b185ebb8083c8568ea8a40e896d5f7af4b8554b64d7719c0eaa1eb5a5c3a70", size = 670373 },
    { url = "https://files.pythonhosted.org/packages/3d/b3/0cf269a9d647852a95c06eb00b815d0b95a4eb4b55aa2d6ba680971733b9/asyncpg-0.30.0-cp313-cp313-macosx_11_0_arm64.whl", hash = "sha256:c47806b1a8cbb0a0db896f4cd34d89942effe353a5035c62734ab13b9f938da3", size = 634745 },
    { url = "https://files.pythonhosted.org/packages/8e/6d/a4f31bf358ce8491d2a31bfe0d7bcf25269e80481e49de4d8616c4295a34/asyncpg-0.30.0-cp313-cp313-manylinux_2_17_aarch64.manylinux2014_aarch64.whl", hash = "sha256:9b6fde867a74e8c76c71e2f64f80c64c0f3163e687f1763cfaf21633ec24ec33", size = 3512103 },
    { url = "https://files.pythonhosted.org/packages/96/19/139227a6e67f407b9c386cb594d9628c6c78c9024f26df87c912fabd4368/asyncpg-0.30.0-cp313-cp313-manylinux_2_17_x86_64.manylinux2014_x86_64.whl", hash = "sha256:46973045b567972128a27d40001124fbc821c87a6cade040cfcd4fa8a30bcdc4", size = 3592471 },
    { url = "https://files.pythonhosted.org/packages/67/e4/ab3ca38f628f53f0fd28d3ff20edff1c975dd1cb22482e0061916b4b9a74/asyncpg-0.30.0-cp313-cp313-musllinux_1_2_aarch64.whl", hash = "sha256:9110df111cabc2ed81aad2f35394a00cadf4f2e0635603db6ebbd0fc896f46a4", size = 3496253 },
    { url = "https://files.pythonhosted.org/packages/ef/5f/0bf65511d4eeac3a1f41c54034a492515a707c6edbc642174ae79034d3ba/asyncpg-0.30.0-cp313-cp313-musllinux_1_2_x86_64.whl", hash = "sha256:04ff0785ae7eed6cc138e73fc67b8e51d54ee7a3ce9b63666ce55a0bf095f7ba", size = 3662720 },
    { url = "https://files.pythonhosted.org/packages/e7/31/1513d5a6412b98052c3ed9158d783b1e09d0910f51fbe0e05f56cc370bc4/asyncpg-0.30.0-cp313-cp313-win32.whl", hash = "sha256:ae374585f51c2b444510cdf3595b97ece4f233fde739aa14b50e0d64e8a7a590", size = 560404 },
    { url = "https://files.pythonhosted.org/packages/c8/a4/cec76b3389c4c5ff66301cd100fe88c318563ec8a520e0b2e792b5b84972/asyncpg-0.30.0-cp313-cp313-win_amd64.whl", hash = "sha256:f59b430b8e27557c3fb9869222559f7417ced18688375825f8f12302c34e915e", size = 621623 },
]

[[package]]
name = "beautifulsoup4"
version = "4.12.3"
source = { registry = "https://pypi.org/simple" }
dependencies = [
    { name = "soupsieve" },
]
sdist = { url = "https://files.pythonhosted.org/packages/b3/ca/824b1195773ce6166d388573fc106ce56d4a805bd7427b624e063596ec58/beautifulsoup4-4.12.3.tar.gz", hash = "sha256:74e3d1928edc070d21748185c46e3fb33490f22f52a3addee9aee0f4f7781051", size = 581181 }
wheels = [
    { url = "https://files.pythonhosted.org/packages/b1/fe/e8c672695b37eecc5cbf43e1d0638d88d66ba3a44c4d321c796f4e59167f/beautifulsoup4-4.12.3-py3-none-any.whl", hash = "sha256:b80878c9f40111313e55da8ba20bdba06d8fa3969fc68304167741bbf9e082ed", size = 147925 },
]

[[package]]
name = "certifi"
version = "2024.12.14"
source = { registry = "https://pypi.org/simple" }
sdist = { url = "https://files.pythonhosted.org/packages/0f/bd/1d41ee578ce09523c81a15426705dd20969f5abf006d1afe8aeff0dd776a/certifi-2024.12.14.tar.gz", hash = "sha256:b650d30f370c2b724812bee08008be0c4163b163ddaec3f2546c1caf65f191db", size = 166010 }
wheels = [
    { url = "https://files.pythonhosted.org/packages/a5/32/8f6669fc4798494966bf446c8c4a162e0b5d893dff088afddf76414f70e1/certifi-2024.12.14-py3-none-any.whl", hash = "sha256:1275f7a45be9464efc1173084eaa30f866fe2e47d389406136d332ed4967ec56", size = 164927 },
]

[[package]]
name = "dawg-python"
version = "0.7.2"
source = { registry = "https://pypi.org/simple" }
sdist = { url = "https://files.pythonhosted.org/packages/b8/33/fd52c8ec329641a7730fad662ba3f29f98c45e4bea552cceee569b00c915/DAWG-Python-0.7.2.tar.gz", hash = "sha256:4a5e3286e6261cca02f205cfd5516a7ab10190fa30c51c28d345808f595e3421", size = 9007 }
wheels = [
    { url = "https://files.pythonhosted.org/packages/6a/84/ff1ce2071d4c650ec85745766c0047ccc3b5036f1d03559fd46bb38b5eeb/DAWG_Python-0.7.2-py2.py3-none-any.whl", hash = "sha256:4941d5df081b8d6fcb4597e073a9f60d5c1ccc9d17cd733e8744d7ecfec94ef3", size = 11711 },
]

[[package]]
name = "h11"
version = "0.14.0"
source = { registry = "https://pypi.org/simple" }
sdist = { url = "https://files.pythonhosted.org/packages/f5/38/3af3d3633a34a3316095b39c8e8fb4853a28a536e55d347bd8d8e9a14b03/h11-0.14.0.tar.gz", hash = "sha256:8f19fbbe99e72420ff35c00b27a34cb9937e902a8b810e2c88300c6f0a3b699d", size = 100418 }
wheels = [
    { url = "https://files.pythonhosted.org/packages/95/04/ff642e65ad6b90db43e668d70ffb6736436c7ce41fcc549f4e9472234127/h11-0.14.0-py3-none-any.whl", hash = "sha256:e3fe4ac4b851c468cc8363d500db52c2ead036020723024a109d37346efaa761", size = 58259 },
]

[[package]]
name = "httpcore"
version = "1.0.7"
source = { registry = "https://pypi.org/simple" }
dependencies = [
    { name = "certifi" },
    { name = "h11" },
]
sdist = { url = "https://files.pythonhosted.org/packages/6a/41/d7d0a89eb493922c37d343b607bc1b5da7f5be7e383740b4753ad8943e90/httpcore-1.0.7.tar.gz", hash = "sha256:8551cb62a169ec7162ac7be8d4817d561f60e08eaa485234898414bb5a8a0b4c", size = 85196 }
wheels = [
    { url = "https://files.pythonhosted.org/packages/87/f5/72347bc88306acb359581ac4d52f23c0ef445b57157adedb9aee0cd689d2/httpcore-1.0.7-py3-none-any.whl", hash = "sha256:a3fff8f43dc260d5bd363d9f9cf1830fa3a458b332856f34282de498ed420edd", size = 78551 },
]

[[package]]
name = "httpx"
version = "0.28.1"
source = { registry = "https://pypi.org/simple" }
dependencies = [
    { name = "anyio" },
    { name = "certifi" },
    { name = "httpcore" },
    { name = "idna" },
]
sdist = { url = "https://files.pythonhosted.org/packages/b1/df/48c586a5fe32a0f01324ee087459e112ebb7224f646c0b5023f5e79e9956/httpx-0.28.1.tar.gz", hash = "sha256:75e98c5f16b0f35b567856f597f06ff2270a374470a5c2392242528e3e3e42fc", size = 141406 }
wheels = [
    { url = "https://files.pythonhosted.org/packages/2a/39/e50c7c3a983047577ee07d2a9e53faf5a69493943ec3f6a384bdc792deb2/httpx-0.28.1-py3-none-any.whl", hash = "sha256:d909fcccc110f8c7faf814ca82a9a4d816bc5a6dbfea25d6591d6985b8ba59ad", size = 73517 },
]

[[package]]
name = "idna"
version = "3.10"
source = { registry = "https://pypi.org/simple" }
sdist = { url = "https://files.pythonhosted.org/packages/f1/70/7703c29685631f5a7590aa73f1f1d3fa9a380e654b86af429e0934a32f7d/idna-3.10.tar.gz", hash = "sha256:12f65c9b470abda6dc35cf8e63cc574b1c52b11df2c86030af0ac09b01b13ea9", size = 190490 }
wheels = [
    { url = "https://files.pythonhosted.org/packages/76/c6/c88e154df9c4e1a2a66ccf0005a88dfb2650c1dffb6f5ce603dfbd452ce3/idna-3.10-py3-none-any.whl", hash = "sha256:946d195a0d259cbba61165e88e65941f16e9b36ea6ddb97f00452bae8b1287d3", size = 70442 },
]

[[package]]
name = "iso8601"
version = "2.1.0"
source = { registry = "https://pypi.org/simple" }
sdist = { url = "https://files.pythonhosted.org/packages/b9/f3/ef59cee614d5e0accf6fd0cbba025b93b272e626ca89fb70a3e9187c5d15/iso8601-2.1.0.tar.gz", hash = "sha256:6b1d3829ee8921c4301998c909f7829fa9ed3cbdac0d3b16af2d743aed1ba8df", size = 6522 }
wheels = [
    { url = "https://files.pythonhosted.org/packages/6c/0c/f37b6a241f0759b7653ffa7213889d89ad49a2b76eb2ddf3b57b2738c347/iso8601-2.1.0-py3-none-any.whl", hash = "sha256:aac4145c4dcb66ad8b648a02830f5e2ff6c24af20f4f482689be402db2429242", size = 7545 },
]

[[package]]
name = "parser-app"
version = "0.1.0"
source = { virtual = "." }
dependencies = [
    { name = "asyncpg" },
    { name = "beautifulsoup4" },
    { name = "httpx" },
    { name = "pydantic" },
    { name = "pymorphy3" },
    { name = "tortoise-orm" },
]

[package.dev-dependencies]
dev = [
    { name = "ruff" },
]

[package.metadata]
requires-dist = [
    { name = "asyncpg", specifier = ">=0.30.0" },
    { name = "beautifulsoup4", specifier = ">=4.12.3" },
    { name = "httpx", specifier = ">=0.28.1" },
    { name = "pydantic", specifier = ">=2.10.6" },
    { name = "pymorphy3", specifier = ">=2.0.2" },
    { name = "tortoise-orm", specifier = ">=0.24.0" },
]

[package.metadata.requires-dev]
dev = [{ name = "ruff", specifier = ">=0.9.3" }]

[[package]]
name = "pydantic"
version = "2.10.6"
source = { registry = "https://pypi.org/simple" }
dependencies = [
    { name = "annotated-types" },
    { name = "pydantic-core" },
    { name = "typing-extensions" },
]
sdist = { url = "https://files.pythonhosted.org/packages/b7/ae/d5220c5c52b158b1de7ca89fc5edb72f304a70a4c540c84c8844bf4008de/pydantic-2.10.6.tar.gz", hash = "sha256:ca5daa827cce33de7a42be142548b0096bf05a7e7b365aebfa5f8eeec7128236", size = 761681 }
wheels = [
    { url = "https://files.pythonhosted.org/packages/f4/3c/8cc1cc84deffa6e25d2d0c688ebb80635dfdbf1dbea3e30c541c8cf4d860/pydantic-2.10.6-py3-none-any.whl", hash = "sha256:427d664bf0b8a2b34ff5dd0f5a18df00591adcee7198fbd71981054cef37b584", size = 431696 },
]

[[package]]
name = "pydantic-core"
version = "2.27.2"
source = { registry = "https://pypi.org/simple" }
dependencies = [
    { name = "typing-extensions" },
]
sdist = { url = "https://files.pythonhosted.org/packages/fc/01/f3e5ac5e7c25833db5eb555f7b7ab24cd6f8c322d3a3ad2d67a952dc0abc/pydantic_core-2.27.2.tar.gz", hash = "sha256:eb026e5a4c1fee05726072337ff51d1efb6f59090b7da90d30ea58625b1ffb39", size = 413443 }
wheels = [
    { url = "https://files.pythonhosted.org/packages/d6/74/51c8a5482ca447871c93e142d9d4a92ead74de6c8dc5e66733e22c9bba89/pydantic_core-2.27.2-cp312-cp312-macosx_10_12_x86_64.whl", hash = "sha256:9e0c8cfefa0ef83b4da9588448b6d8d2a2bf1a53c3f1ae5fca39eb3061e2f0b0", size = 1893127 },
    { url = "https://files.pythonhosted.org/packages/d3/f3/c97e80721735868313c58b89d2de85fa80fe8dfeeed84dc51598b92a135e/pydantic_core-2.27.2-cp312-cp312-macosx_11_0_arm64.whl", hash = "sha256:83097677b8e3bd7eaa6775720ec8e0405f1575015a463285a92bfdfe254529ef", size = 1811340 },
    { url = "https://files.pythonhosted.org/packages/9e/91/840ec1375e686dbae1bd80a9e46c26a1e0083e1186abc610efa3d9a36180/pydantic_core-2.27.2-cp312-cp312-manylinux_2_17_aarch64.manylinux2014_aarch64.whl", hash = "sha256:172fce187655fece0c90d90a678424b013f8fbb0ca8b036ac266749c09438cb7", size = 1822900 },
    { url = "https://files.pythonhosted.org/packages/f6/31/4240bc96025035500c18adc149aa6ffdf1a0062a4b525c932065ceb4d868/pydantic_core-2.27.2-cp312-cp312-manylinux_2_17_armv7l.manylinux2014_armv7l.whl", hash = "sha256:519f29f5213271eeeeb3093f662ba2fd512b91c5f188f3bb7b27bc5973816934", size = 1869177 },
    { url = "https://files.pythonhosted.org/packages/fa/20/02fbaadb7808be578317015c462655c317a77a7c8f0ef274bc016a784c54/pydantic_core-2.27.2-cp312-cp312-manylinux_2_17_ppc64le.manylinux2014_ppc64le.whl", hash = "sha256:05e3a55d124407fffba0dd6b0c0cd056d10e983ceb4e5dbd10dda135c31071d6", size = 2038046 },
    { url = "https://files.pythonhosted.org/packages/06/86/7f306b904e6c9eccf0668248b3f272090e49c275bc488a7b88b0823444a4/pydantic_core-2.27.2-cp312-cp312-manylinux_2_17_s390x.manylinux2014_s390x.whl", hash = "sha256:9c3ed807c7b91de05e63930188f19e921d1fe90de6b4f5cd43ee7fcc3525cb8c", size = 2685386 },
    { url = "https://files.pythonhosted.org/packages/8d/f0/49129b27c43396581a635d8710dae54a791b17dfc50c70164866bbf865e3/pydantic_core-2.27.2-cp312-cp312-manylinux_2_17_x86_64.manylinux2014_x86_64.whl", hash = "sha256:6fb4aadc0b9a0c063206846d603b92030eb6f03069151a625667f982887153e2", size = 1997060 },
    { url = "https://files.pythonhosted.org/packages/0d/0f/943b4af7cd416c477fd40b187036c4f89b416a33d3cc0ab7b82708a667aa/pydantic_core-2.27.2-cp312-cp312-manylinux_2_5_i686.manylinux1_i686.whl", hash = "sha256:28ccb213807e037460326424ceb8b5245acb88f32f3d2777427476e1b32c48c4", size = 2004870 },
    { url = "https://files.pythonhosted.org/packages/35/40/aea70b5b1a63911c53a4c8117c0a828d6790483f858041f47bab0b779f44/pydantic_core-2.27.2-cp312-cp312-musllinux_1_1_aarch64.whl", hash = "sha256:de3cd1899e2c279b140adde9357c4495ed9d47131b4a4eaff9052f23398076b3", size = 1999822 },
    { url = "https://files.pythonhosted.org/packages/f2/b3/807b94fd337d58effc5498fd1a7a4d9d59af4133e83e32ae39a96fddec9d/pydantic_core-2.27.2-cp312-cp312-musllinux_1_1_armv7l.whl", hash = "sha256:220f892729375e2d736b97d0e51466252ad84c51857d4d15f5e9692f9ef12be4", size = 2130364 },
    { url = "https://files.pythonhosted.org/packages/fc/df/791c827cd4ee6efd59248dca9369fb35e80a9484462c33c6649a8d02b565/pydantic_core-2.27.2-cp312-cp312-musllinux_1_1_x86_64.whl", hash = "sha256:a0fcd29cd6b4e74fe8ddd2c90330fd8edf2e30cb52acda47f06dd615ae72da57", size = 2158303 },
    { url = "https://files.pythonhosted.org/packages/9b/67/4e197c300976af185b7cef4c02203e175fb127e414125916bf1128b639a9/pydantic_core-2.27.2-cp312-cp312-win32.whl", hash = "sha256:1e2cb691ed9834cd6a8be61228471d0a503731abfb42f82458ff27be7b2186fc", size = 1834064 },
    { url = "https://files.pythonhosted.org/packages/1f/ea/cd7209a889163b8dcca139fe32b9687dd05249161a3edda62860430457a5/pydantic_core-2.27.2-cp312-cp312-win_amd64.whl", hash = "sha256:cc3f1a99a4f4f9dd1de4fe0312c114e740b5ddead65bb4102884b384c15d8bc9", size = 1989046 },
    { url = "https://files.pythonhosted.org/packages/bc/49/c54baab2f4658c26ac633d798dab66b4c3a9bbf47cff5284e9c182f4137a/pydantic_core-2.27.2-cp312-cp312-win_arm64.whl", hash = "sha256:3911ac9284cd8a1792d3cb26a2da18f3ca26c6908cc434a18f730dc0db7bfa3b", size = 1885092 },
    { url = "https://files.pythonhosted.org/packages/41/b1/9bc383f48f8002f99104e3acff6cba1231b29ef76cfa45d1506a5cad1f84/pydantic_core-2.27.2-cp313-cp313-macosx_10_12_x86_64.whl", hash = "sha256:7d14bd329640e63852364c306f4d23eb744e0f8193148d4044dd3dacdaacbd8b", size = 1892709 },
    { url = "https://files.pythonhosted.org/packages/10/6c/e62b8657b834f3eb2961b49ec8e301eb99946245e70bf42c8817350cbefc/pydantic_core-2.27.2-cp313-cp313-macosx_11_0_arm64.whl", hash = "sha256:82f91663004eb8ed30ff478d77c4d1179b3563df6cdb15c0817cd1cdaf34d154", size = 1811273 },
    { url = "https://files.pythonhosted.org/packages/ba/15/52cfe49c8c986e081b863b102d6b859d9defc63446b642ccbbb3742bf371/pydantic_core-2.27.2-cp313-cp313-manylinux_2_17_aarch64.manylinux2014_aarch64.whl", hash = "sha256:71b24c7d61131bb83df10cc7e687433609963a944ccf45190cfc21e0887b08c9", size = 1823027 },
    { url = "https://files.pythonhosted.org/packages/b1/1c/b6f402cfc18ec0024120602bdbcebc7bdd5b856528c013bd4d13865ca473/pydantic_core-2.27.2-cp313-cp313-manylinux_2_17_armv7l.manylinux2014_armv7l.whl", hash = "sha256:fa8e459d4954f608fa26116118bb67f56b93b209c39b008277ace29937453dc9", size = 1868888 },
    { url = "https://files.pythonhosted.org/packages/bd/7b/8cb75b66ac37bc2975a3b7de99f3c6f355fcc4d89820b61dffa8f1e81677/pydantic_core-2.27.2-cp313-cp313-manylinux_2_17_ppc64le.manylinux2014_ppc64le.whl", hash = "sha256:ce8918cbebc8da707ba805b7fd0b382816858728ae7fe19a942080c24e5b7cd1", size = 2037738 },
    { url = "https://files.pythonhosted.org/packages/c8/f1/786d8fe78970a06f61df22cba58e365ce304bf9b9f46cc71c8c424e0c334/pydantic_core-2.27.2-cp313-cp313-manylinux_2_17_s390x.manylinux2014_s390x.whl", hash = "sha256:eda3f5c2a021bbc5d976107bb302e0131351c2ba54343f8a496dc8783d3d3a6a", size = 2685138 },
    { url = "https://files.pythonhosted.org/packages/a6/74/d12b2cd841d8724dc8ffb13fc5cef86566a53ed358103150209ecd5d1999/pydantic_core-2.27.2-cp313-cp313-manylinux_2_17_x86_64.manylinux2014_x86_64.whl", hash = "sha256:bd8086fa684c4775c27f03f062cbb9eaa6e17f064307e86b21b9e0abc9c0f02e", size = 1997025 },
    { url = "https://files.pythonhosted.org/packages/a0/6e/940bcd631bc4d9a06c9539b51f070b66e8f370ed0933f392db6ff350d873/pydantic_core-2.27.2-cp313-cp313-manylinux_2_5_i686.manylinux1_i686.whl", hash = "sha256:8d9b3388db186ba0c099a6d20f0604a44eabdeef1777ddd94786cdae158729e4", size = 2004633 },
    { url = "https://files.pythonhosted.org/packages/50/cc/a46b34f1708d82498c227d5d80ce615b2dd502ddcfd8376fc14a36655af1/pydantic_core-2.27.2-cp313-cp313-musllinux_1_1_aarch64.whl", hash = "sha256:7a66efda2387de898c8f38c0cf7f14fca0b51a8ef0b24bfea5849f1b3c95af27", size = 1999404 },
    { url = "https://files.pythonhosted.org/packages/ca/2d/c365cfa930ed23bc58c41463bae347d1005537dc8db79e998af8ba28d35e/pydantic_core-2.27.2-cp313-cp313-musllinux_1_1_armv7l.whl", hash = "sha256:18a101c168e4e092ab40dbc2503bdc0f62010e95d292b27827871dc85450d7ee", size = 2130130 },
    { url = "https://files.pythonhosted.org/packages/f4/d7/eb64d015c350b7cdb371145b54d96c919d4db516817f31cd1c650cae3b21/pydantic_core-2.27.2-cp313-cp313-musllinux_1_1_x86_64.whl", hash = "sha256:ba5dd002f88b78a4215ed2f8ddbdf85e8513382820ba15ad5ad8955ce0ca19a1", size = 2157946 },
    { url = "https://files.pythonhosted.org/packages/a4/99/bddde3ddde76c03b65dfd5a66ab436c4e58ffc42927d4ff1198ffbf96f5f/pydantic_core-2.27.2-cp313-cp313-win32.whl", hash = "sha256:1ebaf1d0481914d004a573394f4be3a7616334be70261007e47c2a6fe7e50130", size = 1834387 },
    { url = "https://files.pythonhosted.org/packages/71/47/82b5e846e01b26ac6f1893d3c5f9f3a2eb6ba79be26eef0b759b4fe72946/pydantic_core-2.27.2-cp313-cp313-win_amd64.whl", hash = "sha256:953101387ecf2f5652883208769a79e48db18c6df442568a0b5ccd8c2723abee", size = 1990453 },
    { url = "https://files.pythonhosted.org/packages/51/b2/b2b50d5ecf21acf870190ae5d093602d95f66c9c31f9d5de6062eb329ad1/pydantic_core-2.27.2-cp313-cp313-win_arm64.whl", hash = "sha256:ac4dbfd1691affb8f48c2c13241a2e3b60ff23247cbcf981759c768b6633cf8b", size = 1885186 },
]

[[package]]
name = "pymorphy3"
version = "2.0.2"
source = { registry = "https://pypi.org/simple" }
dependencies = [
    { name = "dawg-python" },
    { name = "pymorphy3-dicts-ru" },
    { name = "setuptools" },
]
sdist = { url = "https://files.pythonhosted.org/packages/df/fd/d9f54e7053986ebfa1ef0b7aff831b51a2c5e0144285c46c7664f2b7b470/pymorphy3-2.0.2.tar.gz", hash = "sha256:5192660028a0bfdf33ff19e827b73d6467dea32be87ad0faae9f2425e40d701c", size = 97184 }
wheels = [
    { url = "https://files.pythonhosted.org/packages/96/9b/3bb2abf52d890aac2d86198aa5868323f88ac4f29a93443796411401fae5/pymorphy3-2.0.2-py3-none-any.whl", hash = "sha256:5c4534e09e424c765a69601b5cc3735080dfafed15105961b3c16616793891d0", size = 53811 },
]

[[package]]
name = "pymorphy3-dicts-ru"
version = "2.4.417150.4580142"
source = { registry = "https://pypi.org/simple" }
sdist = { url = "https://files.pythonhosted.org/packages/ba/13/02ffe6893a777add5c8a43f212f31a3f6a03e7d44a484cf7b5ac5381fddb/pymorphy3-dicts-ru-2.4.417150.4580142.tar.gz", hash = "sha256:39ab379d4ca905bafed50f5afc3a3de6f9643605776fbcabc4d3088d4ed382b0", size = 8381569 }
wheels = [
    { url = "https://files.pythonhosted.org/packages/b0/67/469e9e52d046863f5959928794d3067d455a77f580bf4a662630a43eb426/pymorphy3_dicts_ru-2.4.417150.4580142-py2.py3-none-any.whl", hash = "sha256:718bac64c73c10c16073a199402657283d9b64c04188b694f6d3e9b0d85440f4", size = 8442043 },
]

[[package]]
name = "pypika-tortoise"
version = "0.5.0"
source = { registry = "https://pypi.org/simple" }
sdist = { url = "https://files.pythonhosted.org/packages/7d/7b/74dce3354d81988f1d69b689f20b28c3e92f2dcc0c46975bdafd3eb37b18/pypika_tortoise-0.5.0.tar.gz", hash = "sha256:ed0f56761868dc222c03e477578638590b972280b03c7c45cd93345b18b61f58", size = 39701 }
wheels = [
    { url = "https://files.pythonhosted.org/packages/36/bc/830cfe07a84a9ff75d2ae96696b933744b7f20ef40ad69b002b8cf9265e3/pypika_tortoise-0.5.0-py3-none-any.whl", hash = "sha256:dbdc47eb52ce17407b05ce9f8560ce93b856d7b28beb01971d956b017846691f", size = 45915 },
]

[[package]]
name = "pytz"
version = "2024.2"
source = { registry = "https://pypi.org/simple" }
sdist = { url = "https://files.pythonhosted.org/packages/3a/31/3c70bf7603cc2dca0f19bdc53b4537a797747a58875b552c8c413d963a3f/pytz-2024.2.tar.gz", hash = "sha256:2aa355083c50a0f93fa581709deac0c9ad65cca8a9e9beac660adcbd493c798a", size = 319692 }
wheels = [
    { url = "https://files.pythonhosted.org/packages/11/c3/005fcca25ce078d2cc29fd559379817424e94885510568bc1bc53d7d5846/pytz-2024.2-py2.py3-none-any.whl", hash = "sha256:31c7c1817eb7fae7ca4b8c7ee50c72f93aa2dd863de768e1ef4245d426aa0725", size = 508002 },
]

[[package]]
name = "ruff"
version = "0.9.3"
source = { registry = "https://pypi.org/simple" }
sdist = { url = "https://files.pythonhosted.org/packages/1e/7f/60fda2eec81f23f8aa7cbbfdf6ec2ca11eb11c273827933fb2541c2ce9d8/ruff-0.9.3.tar.gz", hash = "sha256:8293f89985a090ebc3ed1064df31f3b4b56320cdfcec8b60d3295bddb955c22a", size = 3586740 }
wheels = [
    { url = "https://files.pythonhosted.org/packages/f9/77/4fb790596d5d52c87fd55b7160c557c400e90f6116a56d82d76e95d9374a/ruff-0.9.3-py3-none-linux_armv6l.whl", hash = "sha256:7f39b879064c7d9670197d91124a75d118d00b0990586549949aae80cdc16624", size = 11656815 },
    { url = "https://files.pythonhosted.org/packages/a2/a8/3338ecb97573eafe74505f28431df3842c1933c5f8eae615427c1de32858/ruff-0.9.3-py3-none-macosx_10_12_x86_64.whl", hash = "sha256:a187171e7c09efa4b4cc30ee5d0d55a8d6c5311b3e1b74ac5cb96cc89bafc43c", size = 11594821 },
    { url = "https://files.pythonhosted.org/packages/8e/89/320223c3421962762531a6b2dd58579b858ca9916fb2674874df5e97d628/ruff-0.9.3-py3-none-macosx_11_0_arm64.whl", hash = "sha256:c59ab92f8e92d6725b7ded9d4a31be3ef42688a115c6d3da9457a5bda140e2b4", size = 11040475 },
    { url = "https://files.pythonhosted.org/packages/b2/bd/1d775eac5e51409535804a3a888a9623e87a8f4b53e2491580858a083692/ruff-0.9.3-py3-none-manylinux_2_17_aarch64.manylinux2014_aarch64.whl", hash = "sha256:2dc153c25e715be41bb228bc651c1e9b1a88d5c6e5ed0194fa0dfea02b026439", size = 11856207 },
    { url = "https://files.pythonhosted.org/packages/7f/c6/3e14e09be29587393d188454064a4aa85174910d16644051a80444e4fd88/ruff-0.9.3-py3-none-manylinux_2_17_armv7l.manylinux2014_armv7l.whl", hash = "sha256:646909a1e25e0dc28fbc529eab8eb7bb583079628e8cbe738192853dbbe43af5", size = 11420460 },
    { url = "https://files.pythonhosted.org/packages/ef/42/b7ca38ffd568ae9b128a2fa76353e9a9a3c80ef19746408d4ce99217ecc1/ruff-0.9.3-py3-none-manylinux_2_17_i686.manylinux2014_i686.whl", hash = "sha256:5a5a46e09355695fbdbb30ed9889d6cf1c61b77b700a9fafc21b41f097bfbba4", size = 12605472 },
    { url = "https://files.pythonhosted.org/packages/a6/a1/3167023f23e3530fde899497ccfe239e4523854cb874458ac082992d206c/ruff-0.9.3-py3-none-manylinux_2_17_ppc64.manylinux2014_ppc64.whl", hash = "sha256:c4bb09d2bbb394e3730d0918c00276e79b2de70ec2a5231cd4ebb51a57df9ba1", size = 13243123 },
    { url = "https://files.pythonhosted.org/packages/d0/b4/3c600758e320f5bf7de16858502e849f4216cb0151f819fa0d1154874802/ruff-0.9.3-py3-none-manylinux_2_17_ppc64le.manylinux2014_ppc64le.whl", hash = "sha256:96a87ec31dc1044d8c2da2ebbed1c456d9b561e7d087734336518181b26b3aa5", size = 12744650 },
    { url = "https://files.pythonhosted.org/packages/be/38/266fbcbb3d0088862c9bafa8b1b99486691d2945a90b9a7316336a0d9a1b/ruff-0.9.3-py3-none-manylinux_2_17_s390x.manylinux2014_s390x.whl", hash = "sha256:9bb7554aca6f842645022fe2d301c264e6925baa708b392867b7a62645304df4", size = 14458585 },
    { url = "https://files.pythonhosted.org/packages/63/a6/47fd0e96990ee9b7a4abda62de26d291bd3f7647218d05b7d6d38af47c30/ruff-0.9.3-py3-none-manylinux_2_17_x86_64.manylinux2014_x86_64.whl", hash = "sha256:cabc332b7075a914ecea912cd1f3d4370489c8018f2c945a30bcc934e3bc06a6", size = 12419624 },
    { url = "https://files.pythonhosted.org/packages/84/5d/de0b7652e09f7dda49e1a3825a164a65f4998175b6486603c7601279baad/ruff-0.9.3-py3-none-musllinux_1_2_aarch64.whl", hash = "sha256:33866c3cc2a575cbd546f2cd02bdd466fed65118e4365ee538a3deffd6fcb730", size = 11843238 },
    { url = "https://files.pythonhosted.org/packages/9e/be/3f341ceb1c62b565ec1fb6fd2139cc40b60ae6eff4b6fb8f94b1bb37c7a9/ruff-0.9.3-py3-none-musllinux_1_2_armv7l.whl", hash = "sha256:006e5de2621304c8810bcd2ee101587712fa93b4f955ed0985907a36c427e0c2", size = 11484012 },
    { url = "https://files.pythonhosted.org/packages/a3/c8/ff8acbd33addc7e797e702cf00bfde352ab469723720c5607b964491d5cf/ruff-0.9.3-py3-none-musllinux_1_2_i686.whl", hash = "sha256:ba6eea4459dbd6b1be4e6bfc766079fb9b8dd2e5a35aff6baee4d9b1514ea519", size = 12038494 },
    { url = "https://files.pythonhosted.org/packages/73/b1/8d9a2c0efbbabe848b55f877bc10c5001a37ab10aca13c711431673414e5/ruff-0.9.3-py3-none-musllinux_1_2_x86_64.whl", hash = "sha256:90230a6b8055ad47d3325e9ee8f8a9ae7e273078a66401ac66df68943ced029b", size = 12473639 },
    { url = "https://files.pythonhosted.org/packages/cb/44/a673647105b1ba6da9824a928634fe23186ab19f9d526d7bdf278cd27bc3/ruff-0.9.3-py3-none-win32.whl", hash = "sha256:eabe5eb2c19a42f4808c03b82bd313fc84d4e395133fb3fc1b1516170a31213c", size = 9834353 },
    { url = "https://files.pythonhosted.org/packages/c3/01/65cadb59bf8d4fbe33d1a750103e6883d9ef302f60c28b73b773092fbde5/ruff-0.9.3-py3-none-win_amd64.whl", hash = "sha256:040ceb7f20791dfa0e78b4230ee9dce23da3b64dd5848e40e3bf3ab76468dcf4", size = 10821444 },
    { url = "https://files.pythonhosted.org/packages/69/cb/b3fe58a136a27d981911cba2f18e4b29f15010623b79f0f2510fd0d31fd3/ruff-0.9.3-py3-none-win_arm64.whl", hash = "sha256:800d773f6d4d33b0a3c60e2c6ae8f4c202ea2de056365acfa519aa48acf28e0b", size = 10038168 },
]

[[package]]
name = "setuptools"
version = "75.8.0"
source = { registry = "https://pypi.org/simple" }
sdist = { url = "https://files.pythonhosted.org/packages/92/ec/089608b791d210aec4e7f97488e67ab0d33add3efccb83a056cbafe3a2a6/setuptools-75.8.0.tar.gz", hash = "sha256:c5afc8f407c626b8313a86e10311dd3f661c6cd9c09d4bf8c15c0e11f9f2b0e6", size = 1343222 }
wheels = [
    { url = "https://files.pythonhosted.org/packages/69/8a/b9dc7678803429e4a3bc9ba462fa3dd9066824d3c607490235c6a796be5a/setuptools-75.8.0-py3-none-any.whl", hash = "sha256:e3982f444617239225d675215d51f6ba05f845d4eec313da4418fdbb56fb27e3", size = 1228782 },
]

[[package]]
name = "sniffio"
version = "1.3.1"
source = { registry = "https://pypi.org/simple" }
sdist = { url = "https://files.pythonhosted.org/packages/a2/87/a6771e1546d97e7e041b6ae58d80074f81b7d5121207425c964ddf5cfdbd/sniffio-1.3.1.tar.gz", hash = "sha256:f4324edc670a0f49750a81b895f35c3adb843cca46f0530f79fc1babb23789dc", size = 20372 }
wheels = [
    { url = "https://files.pythonhosted.org/packages/e9/44/75a9c9421471a6c4805dbf2356f7c181a29c1879239abab1ea2cc8f38b40/sniffio-1.3.1-py3-none-any.whl", hash = "sha256:2f6da418d1f1e0fddd844478f41680e794e6051915791a034ff65e5f100525a2", size = 10235 },
]

[[package]]
name = "soupsieve"
version = "2.6"
source = { registry = "https://pypi.org/simple" }
sdist = { url = "https://files.pythonhosted.org/packages/d7/ce/fbaeed4f9fb8b2daa961f90591662df6a86c1abf25c548329a86920aedfb/soupsieve-2.6.tar.gz", hash = "sha256:e2e68417777af359ec65daac1057404a3c8a5455bb8abc36f1a9866ab1a51abb", size = 101569 }
wheels = [
    { url = "https://files.pythonhosted.org/packages/d1/c2/fe97d779f3ef3b15f05c94a2f1e3d21732574ed441687474db9d342a7315/soupsieve-2.6-py3-none-any.whl", hash = "sha256:e72c4ff06e4fb6e4b5a9f0f55fe6e81514581fca1515028625d0f299c602ccc9", size = 36186 },
]

[[package]]
name = "tortoise-orm"
version = "0.24.0"
source = { registry = "https://pypi.org/simple" }
dependencies = [
    { name = "aiosqlite" },
    { name = "iso8601" },
    { name = "pypika-tortoise" },
    { name = "pytz" },
]
sdist = { url = "https://files.pythonhosted.org/packages/64/81/973b629f8a70fc928343f4f8be6121023b6c6f0ee0ae45695955db82af47/tortoise_orm-0.24.0.tar.gz", hash = "sha256:ae0704a93ea27931724fc899e57268c8081afce3b32b110b00037ec206553e7d", size = 143958 }
wheels = [
    { url = "https://files.pythonhosted.org/packages/96/88/313395d3ae15f24b18496c4f8077404ee0336eea2a9c648466c406f053b3/tortoise_orm-0.24.0-py3-none-any.whl", hash = "sha256:ee3b72b226767293b24c5c4906ae5f027d7cc84496cd503352c918564b4fd687", size = 164094 },
]

[[package]]
name = "typing-extensions"
version = "4.12.2"
source = { registry = "https://pypi.org/simple" }
sdist = { url = "https://files.pythonhosted.org/packages/df/db/f35a00659bc03fec321ba8bce9420de607a1d37f8342eee1863174c69557/typing_extensions-4.12.2.tar.gz", hash = "sha256:1a7ead55c7e559dd4dee8856e3a88b41225abfe1ce8df57b7c13915fe121ffb8", size = 85321 }
wheels = [
    { url = "https://files.pythonhosted.org/packages/26/9f/ad63fc0248c5379346306f8668cda6e2e2e9c95e01216d2b8ffd9ff037d0/typing_extensions-4.12.2-py3-none-any.whl", hash = "sha256:04e5ca0351e0f3f85c6853954072df659d0d13fac324d0072316b67d7794700d", size = 37438 },
]
